
Microsoft Visual Studio Solution File, Format Version 12.00
# Visual Studio Version 17
VisualStudioVersion = 17.7.34031.279
MinimumVisualStudioVersion = 10.0.40219.1
Project("{8BC9CEB8-8B4A-11D0-8D11-00A0C91BC942}") = "SearchAlgorithms", "Algorithms\Algorithms.vcxproj", "{E0F5B164-54A5-4732-948A-66FB5C04FC92}"
EndProject
Project("{8BC9CEB8-8B4A-11D0-8D11-00A0C91BC942}") = "Calculators", "Calculators\Calculators.vcxproj", "{C941A20F-FB0C-4BE8-8DA4-5975862CBDE2}"
EndProject
Project("{8BC9CEB8-8B4A-11D0-8D11-00A0C91BC942}") = "Numbspace", "Numbspace\Numbspace.vcxproj", "{77C9F436-5B17-49DF-856D-229B9952C163}"
EndProject
Project("{8BC9CEB8-8B4A-11D0-8D11-00A0C91BC942}") = "SortAlgorithms", "SortAlgorithms\SortAlgorithms.vcxproj", "{11553170-D58F-4755-8EAE-4C14D7B98BDC}"
EndProject
Global
	GlobalSection(SolutionConfigurationPlatforms) = preSolution
		Debug|x64 = Debug|x64
		Debug|x86 = Debug|x86
		Release|x64 = Release|x64
		Release|x86 = Release|x86
	EndGlobalSection
	GlobalSection(ProjectConfigurationPlatforms) = postSolution
		{E0F5B164-54A5-4732-948A-66FB5C04FC92}.Debug|x64.ActiveCfg = Debug|x64
		{E0F5B164-54A5-4732-948A-66FB5C04FC92}.Debug|x64.Build.0 = Debug|x64
		{E0F5B164-54A5-4732-948A-66FB5C04FC92}.Debug|x86.ActiveCfg = Debug|Win32
		{E0F5B164-54A5-4732-948A-66FB5C04FC92}.Debug|x86.Build.0 = Debug|Win32
		{E0F5B164-54A5-4732-948A-66FB5C04FC92}.Release|x64.ActiveCfg = Release|x64
		{E0F5B164-54A5-4732-948A-66FB5C04FC92}.Release|x64.Build.0 = Release|x64
		{E0F5B164-54A5-4732-948A-66FB5C04FC92}.Release|x86.ActiveCfg = Release|Win32
		{E0F5B164-54A5-4732-948A-66FB5C04FC92}.Release|x86.Build.0 = Release|Win32
		{C941A20F-FB0C-4BE8-8DA4-5975862CBDE2}.Debug|x64.ActiveCfg = Debug|x64
		{C941A20F-FB0C-4BE8-8DA4-5975862CBDE2}.Debug|x64.Build.0 = Debug|x64
		{C941A20F-FB0C-4BE8-8DA4-5975862CBDE2}.Debug|x86.ActiveCfg = Debug|Win32
		{C941A20F-FB0C-4BE8-8DA4-5975862CBDE2}.Debug|x86.Build.0 = Debug|Win32
		{C941A20F-FB0C-4BE8-8DA4-5975862CBDE2}.Release|x64.ActiveCfg = Release|x64
		{C941A20F-FB0C-4BE8-8DA4-5975862CBDE2}.Release|x64.Build.0 = Release|x64
		{C941A20F-FB0C-4BE8-8DA4-5975862CBDE2}.Release|x86.ActiveCfg = Release|Win32
		{C941A20F-FB0C-4BE8-8DA4-5975862CBDE2}.Release|x86.Build.0 = Release|Win32
		{77C9F436-5B17-49DF-856D-229B9952C163}.Debug|x64.ActiveCfg = Debug|x64
		{77C9F436-5B17-49DF-856D-229B9952C163}.Debug|x64.Build.0 = Debug|x64
		{77C9F436-5B17-49DF-856D-229B9952C163}.Debug|x86.ActiveCfg = Debug|Win32
		{77C9F436-5B17-49DF-856D-229B9952C163}.Debug|x86.Build.0 = Debug|Win32
		{77C9F436-5B17-49DF-856D-229B9952C163}.Release|x64.ActiveCfg = Release|x64
		{77C9F436-5B17-49DF-856D-229B9952C163}.Release|x64.Build.0 = Release|x64
		{77C9F436-5B17-49DF-856D-229B9952C163}.Release|x86.ActiveCfg = Release|Win32
		{77C9F436-5B17-49DF-856D-229B9952C163}.Release|x86.Build.0 = Release|Win32
		{11553170-D58F-4755-8EAE-4C14D7B98BDC}.Debug|x64.ActiveCfg = Debug|x64
		{11553170-D58F-4755-8EAE-4C14D7B98BDC}.Debug|x64.Build.0 = Debug|x64
		{11553170-D58F-4755-8EAE-4C14D7B98BDC}.Debug|x86.ActiveCfg = Debug|Win32
		{11553170-D58F-4755-8EAE-4C14D7B98BDC}.Debug|x86.Build.0 = Debug|Win32
		{11553170-D58F-4755-8EAE-4C14D7B98BDC}.Release|x64.ActiveCfg = Release|x64
		{11553170-D58F-4755-8EAE-4C14D7B98BDC}.Release|x64.Build.0 = Release|x64
		{11553170-D58F-4755-8EAE-4C14D7B98BDC}.Release|x86.ActiveCfg = Release|Win32
		{11553170-D58F-4755-8EAE-4C14D7B98BDC}.Release|x86.Build.0 = Release|Win32
	EndGlobalSection
	GlobalSection(SolutionProperties) = preSolution
		HideSolutionNode = FALSE
	EndGlobalSection
	GlobalSection(ExtensibilityGlobals) = postSolution
		SolutionGuid = {AA41FE45-9F80-4A4B-9D35-A638F9103C8D}
	EndGlobalSection
EndGlobal
